// !$*UTF8*$!
{
	archiveVersion = 1;
	classes = {
	};
	objectVersion = 55;
	objects = {

/* Begin PBXBuildFile section */
		FF1A89D7282FB143009C7815 /* UserSharedInstance.swift in Sources */ = {isa = PBXBuildFile; fileRef = FF1A89D6282FB143009C7815 /* UserSharedInstance.swift */; };
		FF1A89D8282FB143009C7815 /* UserSharedInstance.swift in Sources */ = {isa = PBXBuildFile; fileRef = FF1A89D6282FB143009C7815 /* UserSharedInstance.swift */; };
		FF1A89D9282FB143009C7815 /* UserSharedInstance.swift in Sources */ = {isa = PBXBuildFile; fileRef = FF1A89D6282FB143009C7815 /* UserSharedInstance.swift */; };
		FF1A89DC282FB22F009C7815 /* SignInViewController.swift in Sources */ = {isa = PBXBuildFile; fileRef = FF1A89DA282FB22F009C7815 /* SignInViewController.swift */; };
		FF1A89DD282FB22F009C7815 /* SignInViewController.swift in Sources */ = {isa = PBXBuildFile; fileRef = FF1A89DA282FB22F009C7815 /* SignInViewController.swift */; };
		FF1A89DE282FB22F009C7815 /* SignInViewController.swift in Sources */ = {isa = PBXBuildFile; fileRef = FF1A89DA282FB22F009C7815 /* SignInViewController.swift */; };
		FF1A89DF282FB22F009C7815 /* SignInViewController.xib in Resources */ = {isa = PBXBuildFile; fileRef = FF1A89DB282FB22F009C7815 /* SignInViewController.xib */; };
		FF1A89E0282FB22F009C7815 /* SignInViewController.xib in Resources */ = {isa = PBXBuildFile; fileRef = FF1A89DB282FB22F009C7815 /* SignInViewController.xib */; };
		FF1A89E1282FB22F009C7815 /* SignInViewController.xib in Resources */ = {isa = PBXBuildFile; fileRef = FF1A89DB282FB22F009C7815 /* SignInViewController.xib */; };
		FF1A89E8282FB6A1009C7815 /* RegisterViewController.swift in Sources */ = {isa = PBXBuildFile; fileRef = FF1A89E6282FB6A1009C7815 /* RegisterViewController.swift */; };
		FF1A89E9282FB6A1009C7815 /* RegisterViewController.swift in Sources */ = {isa = PBXBuildFile; fileRef = FF1A89E6282FB6A1009C7815 /* RegisterViewController.swift */; };
		FF1A89EA282FB6A1009C7815 /* RegisterViewController.swift in Sources */ = {isa = PBXBuildFile; fileRef = FF1A89E6282FB6A1009C7815 /* RegisterViewController.swift */; };
		FF1A89EB282FB6A1009C7815 /* RegisterViewController.xib in Resources */ = {isa = PBXBuildFile; fileRef = FF1A89E7282FB6A1009C7815 /* RegisterViewController.xib */; };
		FF1A89EC282FB6A1009C7815 /* RegisterViewController.xib in Resources */ = {isa = PBXBuildFile; fileRef = FF1A89E7282FB6A1009C7815 /* RegisterViewController.xib */; };
		FF1A89ED282FB6A1009C7815 /* RegisterViewController.xib in Resources */ = {isa = PBXBuildFile; fileRef = FF1A89E7282FB6A1009C7815 /* RegisterViewController.xib */; };
		FF1A89F4282FC309009C7815 /* UIViewExt.swift in Sources */ = {isa = PBXBuildFile; fileRef = FF1A89F3282FC309009C7815 /* UIViewExt.swift */; };
		FF1A89F6282FC782009C7815 /* UIColorExt.swift in Sources */ = {isa = PBXBuildFile; fileRef = FF1A89F5282FC782009C7815 /* UIColorExt.swift */; };
		FF1A89F9282FD061009C7815 /* SignInViewModel.swift in Sources */ = {isa = PBXBuildFile; fileRef = FF1A89F8282FD061009C7815 /* SignInViewModel.swift */; };
		FF1A8A04282FE34F009C7815 /* UIButtonExt.swift in Sources */ = {isa = PBXBuildFile; fileRef = FF1A8A03282FE34F009C7815 /* UIButtonExt.swift */; };
		FF1A8A06282FE811009C7815 /* UITextfieldExt.swift in Sources */ = {isa = PBXBuildFile; fileRef = FF1A8A05282FE811009C7815 /* UITextfieldExt.swift */; };
		FF1A8A08282FE958009C7815 /* UIViewControllerExt.swift in Sources */ = {isa = PBXBuildFile; fileRef = FF1A8A07282FE958009C7815 /* UIViewControllerExt.swift */; };
		FF1A8A0C282FF678009C7815 /* BaseViewController.swift in Sources */ = {isa = PBXBuildFile; fileRef = FF1A8A0B282FF678009C7815 /* BaseViewController.swift */; };
		FF1A8A0F282FFB11009C7815 /* RegisterViewModel.swift in Sources */ = {isa = PBXBuildFile; fileRef = FF1A8A0E282FFB11009C7815 /* RegisterViewModel.swift */; };
		FF1A8A11282FFCC1009C7815 /* PickerDisplayViewController.swift in Sources */ = {isa = PBXBuildFile; fileRef = FF1A8A10282FFCC1009C7815 /* PickerDisplayViewController.swift */; };
		FF1A8A1328300242009C7815 /* PickerModel.swift in Sources */ = {isa = PBXBuildFile; fileRef = FF1A8A1228300242009C7815 /* PickerModel.swift */; };
		FF1A8A152830153C009C7815 /* TapBarConstant.swift in Sources */ = {isa = PBXBuildFile; fileRef = FF1A8A142830153C009C7815 /* TapBarConstant.swift */; };
		FF1A8A17283015C5009C7815 /* TabBarViewController.swift in Sources */ = {isa = PBXBuildFile; fileRef = FF1A8A16283015C5009C7815 /* TabBarViewController.swift */; };
		FF1A8A1D2830164F009C7815 /* HomeViewController.swift in Sources */ = {isa = PBXBuildFile; fileRef = FF1A8A1B2830164F009C7815 /* HomeViewController.swift */; };
		FF1A8A1E2830164F009C7815 /* HomeViewController.xib in Resources */ = {isa = PBXBuildFile; fileRef = FF1A8A1C2830164F009C7815 /* HomeViewController.xib */; };
		FF1A8A22283016C8009C7815 /* HomeViewModel.swift in Sources */ = {isa = PBXBuildFile; fileRef = FF1A8A21283016C8009C7815 /* HomeViewModel.swift */; };
		FF1A8A2528301825009C7815 /* AccountViewController.swift in Sources */ = {isa = PBXBuildFile; fileRef = FF1A8A2328301825009C7815 /* AccountViewController.swift */; };
		FF1A8A2628301825009C7815 /* AccountViewController.xib in Resources */ = {isa = PBXBuildFile; fileRef = FF1A8A2428301825009C7815 /* AccountViewController.xib */; };
		FF1A8A292830188E009C7815 /* QRCodeViewController.swift in Sources */ = {isa = PBXBuildFile; fileRef = FF1A8A282830188D009C7815 /* QRCodeViewController.swift */; };
		FF1A8A2D28303CBA009C7815 /* HomeHeaderTableViewCell.swift in Sources */ = {isa = PBXBuildFile; fileRef = FF1A8A2B28303CBA009C7815 /* HomeHeaderTableViewCell.swift */; };
		FF1A8A2E28303CBA009C7815 /* HomeHeaderTableViewCell.xib in Resources */ = {isa = PBXBuildFile; fileRef = FF1A8A2C28303CBA009C7815 /* HomeHeaderTableViewCell.xib */; };
		FF1A8A3128304569009C7815 /* CarouselTableViewCell.swift in Sources */ = {isa = PBXBuildFile; fileRef = FF1A8A2F28304569009C7815 /* CarouselTableViewCell.swift */; };
		FF1A8A3228304569009C7815 /* CarouselTableViewCell.xib in Resources */ = {isa = PBXBuildFile; fileRef = FF1A8A3028304569009C7815 /* CarouselTableViewCell.xib */; };
		FF1A8A342830AF03009C7815 /* HeaderView.swift in Sources */ = {isa = PBXBuildFile; fileRef = FF1A8A332830AF03009C7815 /* HeaderView.swift */; };
		FF1A8A382830C954009C7815 /* CarouselCollectionViewCell.swift in Sources */ = {isa = PBXBuildFile; fileRef = FF1A8A362830C954009C7815 /* CarouselCollectionViewCell.swift */; };
		FF1A8A392830C954009C7815 /* CarouselCollectionViewCell.xib in Resources */ = {isa = PBXBuildFile; fileRef = FF1A8A372830C954009C7815 /* CarouselCollectionViewCell.xib */; };
		FF1A8A3D2830DA13009C7815 /* MainFoodCollectionViewCell.swift in Sources */ = {isa = PBXBuildFile; fileRef = FF1A8A3B2830DA13009C7815 /* MainFoodCollectionViewCell.swift */; };
		FF1A8A3E2830DA13009C7815 /* MainFoodCollectionViewCell.xib in Resources */ = {isa = PBXBuildFile; fileRef = FF1A8A3C2830DA13009C7815 /* MainFoodCollectionViewCell.xib */; };
		FF1A8A432830DC3A009C7815 /* PlainCarouselTableViewCell.swift in Sources */ = {isa = PBXBuildFile; fileRef = FF1A8A412830DC3A009C7815 /* PlainCarouselTableViewCell.swift */; };
		FF1A8A442830DC3A009C7815 /* PlainCarouselTableViewCell.xib in Resources */ = {isa = PBXBuildFile; fileRef = FF1A8A422830DC3A009C7815 /* PlainCarouselTableViewCell.xib */; };
		FF1A8A462830E662009C7815 /* BaseTableViewCell.swift in Sources */ = {isa = PBXBuildFile; fileRef = FF1A8A452830E661009C7815 /* BaseTableViewCell.swift */; };
		FF1A8A482830E717009C7815 /* BaseCollectionView.swift in Sources */ = {isa = PBXBuildFile; fileRef = FF1A8A472830E717009C7815 /* BaseCollectionView.swift */; };
		FF1A8A4C2830E804009C7815 /* ActivityViewController.swift in Sources */ = {isa = PBXBuildFile; fileRef = FF1A8A4A2830E804009C7815 /* ActivityViewController.swift */; };
		FF1A8A4D2830E804009C7815 /* ActivityViewController.xib in Resources */ = {isa = PBXBuildFile; fileRef = FF1A8A4B2830E804009C7815 /* ActivityViewController.xib */; };
		FF1A8A502830E8AF009C7815 /* ActivityViewModel.swift in Sources */ = {isa = PBXBuildFile; fileRef = FF1A8A4F2830E8AF009C7815 /* ActivityViewModel.swift */; };
		FF1A8A532830EC08009C7815 /* OrderTableViewCell.swift in Sources */ = {isa = PBXBuildFile; fileRef = FF1A8A512830EC08009C7815 /* OrderTableViewCell.swift */; };
		FF1A8A542830EC08009C7815 /* OrderTableViewCell.xib in Resources */ = {isa = PBXBuildFile; fileRef = FF1A8A522830EC08009C7815 /* OrderTableViewCell.xib */; };
		FF1A8A582830EEBA009C7815 /* OrderCodeTableViewCell.swift in Sources */ = {isa = PBXBuildFile; fileRef = FF1A8A562830EEBA009C7815 /* OrderCodeTableViewCell.swift */; };
		FF1A8A592830EEBA009C7815 /* OrderCodeTableViewCell.xib in Resources */ = {isa = PBXBuildFile; fileRef = FF1A8A572830EEBA009C7815 /* OrderCodeTableViewCell.xib */; };
		FF1A8A5C2830F25C009C7815 /* TrackOrderTableViewCell.swift in Sources */ = {isa = PBXBuildFile; fileRef = FF1A8A5A2830F25C009C7815 /* TrackOrderTableViewCell.swift */; };
		FF1A8A5D2830F25C009C7815 /* TrackOrderTableViewCell.xib in Resources */ = {isa = PBXBuildFile; fileRef = FF1A8A5B2830F25C009C7815 /* TrackOrderTableViewCell.xib */; };
		FF1A8A5F2830F3F1009C7815 /* CartService.swift in Sources */ = {isa = PBXBuildFile; fileRef = FF1A8A5E2830F3F1009C7815 /* CartService.swift */; };
		FF1A8A632830F712009C7815 /* CartViewController.swift in Sources */ = {isa = PBXBuildFile; fileRef = FF1A8A612830F712009C7815 /* CartViewController.swift */; };
		FF1A8A642830F712009C7815 /* CartViewController.xib in Resources */ = {isa = PBXBuildFile; fileRef = FF1A8A622830F712009C7815 /* CartViewController.xib */; };
		FF1A8A662830F98A009C7815 /* FoodModel.swift in Sources */ = {isa = PBXBuildFile; fileRef = FF1A8A652830F98A009C7815 /* FoodModel.swift */; };
		FF1A8A692830F9F0009C7815 /* FoodStatic.swift in Sources */ = {isa = PBXBuildFile; fileRef = FF1A8A682830F9F0009C7815 /* FoodStatic.swift */; };
		FF1A8A6B2830FA20009C7815 /* OrderModel.swift in Sources */ = {isa = PBXBuildFile; fileRef = FF1A8A6A2830FA20009C7815 /* OrderModel.swift */; };
		FF1A8A7128318FE9009C7815 /* FoodCategoryViewController.swift in Sources */ = {isa = PBXBuildFile; fileRef = FF1A8A6F28318FE9009C7815 /* FoodCategoryViewController.swift */; };
		FF1A8A7228318FE9009C7815 /* FoodCategoryViewController.xib in Resources */ = {isa = PBXBuildFile; fileRef = FF1A8A7028318FE9009C7815 /* FoodCategoryViewController.xib */; };
		FF315D252834031200140B6D /* CartInfoTableViewCell.swift in Sources */ = {isa = PBXBuildFile; fileRef = FF315D232834031200140B6D /* CartInfoTableViewCell.swift */; };
		FF315D262834031200140B6D /* CartInfoTableViewCell.xib in Resources */ = {isa = PBXBuildFile; fileRef = FF315D242834031200140B6D /* CartInfoTableViewCell.xib */; };
		FF522E1128328B4300892055 /* FoodCategoryHeaderCollectionViewCell.swift in Sources */ = {isa = PBXBuildFile; fileRef = FF522E0F28328B4300892055 /* FoodCategoryHeaderCollectionViewCell.swift */; };
		FF522E1228328B4300892055 /* FoodCategoryHeaderCollectionViewCell.xib in Resources */ = {isa = PBXBuildFile; fileRef = FF522E1028328B4300892055 /* FoodCategoryHeaderCollectionViewCell.xib */; };
		FF68F4C72832CB3D00F28643 /* FoodCategoryViewModel.swift in Sources */ = {isa = PBXBuildFile; fileRef = FF68F4C62832CB3D00F28643 /* FoodCategoryViewModel.swift */; };
		FF68F4CA2832D1F400F28643 /* LaunchScreenViewModel.swift in Sources */ = {isa = PBXBuildFile; fileRef = FF68F4C92832D1F400F28643 /* LaunchScreenViewModel.swift */; };
		FF872B96282FAF90009D6604 /* FakeLaunchScreenViewController.swift in Sources */ = {isa = PBXBuildFile; fileRef = FF872B94282FAF90009D6604 /* FakeLaunchScreenViewController.swift */; };
		FF872B97282FAF90009D6604 /* FakeLaunchScreenViewController.xib in Resources */ = {isa = PBXBuildFile; fileRef = FF872B95282FAF90009D6604 /* FakeLaunchScreenViewController.xib */; };
		FFB07E7E2833F89A001F9773 /* FoodInfoViewController.swift in Sources */ = {isa = PBXBuildFile; fileRef = FFB07E7C2833F89A001F9773 /* FoodInfoViewController.swift */; };
		FFB07E7F2833F89A001F9773 /* FoodInfoViewController.xib in Resources */ = {isa = PBXBuildFile; fileRef = FFB07E7D2833F89A001F9773 /* FoodInfoViewController.xib */; };
		FFC7775E282E929300AF4E8A /* AppDelegate.swift in Sources */ = {isa = PBXBuildFile; fileRef = FFC7775D282E929300AF4E8A /* AppDelegate.swift */; };
		FFC77760282E929300AF4E8A /* SceneDelegate.swift in Sources */ = {isa = PBXBuildFile; fileRef = FFC7775F282E929300AF4E8A /* SceneDelegate.swift */; };
		FFC77767282E929500AF4E8A /* Assets.xcassets in Resources */ = {isa = PBXBuildFile; fileRef = FFC77766282E929500AF4E8A /* Assets.xcassets */; };
		FFC7776A282E929500AF4E8A /* LaunchScreen.storyboard in Resources */ = {isa = PBXBuildFile; fileRef = FFC77768282E929500AF4E8A /* LaunchScreen.storyboard */; };
		FFC77775282E929500AF4E8A /* TampaJejakTests.swift in Sources */ = {isa = PBXBuildFile; fileRef = FFC77774282E929500AF4E8A /* TampaJejakTests.swift */; };
		FFC7777F282E929500AF4E8A /* TampaJejakUITests.swift in Sources */ = {isa = PBXBuildFile; fileRef = FFC7777E282E929500AF4E8A /* TampaJejakUITests.swift */; };
		FFC77781282E929500AF4E8A /* TampaJejakUITestsLaunchTests.swift in Sources */ = {isa = PBXBuildFile; fileRef = FFC77780282E929500AF4E8A /* TampaJejakUITestsLaunchTests.swift */; };
		FFC7778F282E95E900AF4E8A /* Coordinator.swift in Sources */ = {isa = PBXBuildFile; fileRef = FFC7778E282E95E900AF4E8A /* Coordinator.swift */; };
		FFC7779B282E9BBC00AF4E8A /* QRCodeService.swift in Sources */ = {isa = PBXBuildFile; fileRef = FFC7779A282E9BBC00AF4E8A /* QRCodeService.swift */; };
/* End PBXBuildFile section */

/* Begin PBXContainerItemProxy section */
		FFC77771282E929500AF4E8A /* PBXContainerItemProxy */ = {
			isa = PBXContainerItemProxy;
			containerPortal = FFC77752282E929200AF4E8A /* Project object */;
			proxyType = 1;
			remoteGlobalIDString = FFC77759282E929200AF4E8A;
			remoteInfo = TampaJejak;
		};
		FFC7777B282E929500AF4E8A /* PBXContainerItemProxy */ = {
			isa = PBXContainerItemProxy;
			containerPortal = FFC77752282E929200AF4E8A /* Project object */;
			proxyType = 1;
			remoteGlobalIDString = FFC77759282E929200AF4E8A;
			remoteInfo = TampaJejak;
		};
/* End PBXContainerItemProxy section */

/* Begin PBXFileReference section */
		FF1A89D6282FB143009C7815 /* UserSharedInstance.swift */ = {isa = PBXFileReference; lastKnownFileType = sourcecode.swift; path = UserSharedInstance.swift; sourceTree = "<group>"; };
		FF1A89DA282FB22F009C7815 /* SignInViewController.swift */ = {isa = PBXFileReference; lastKnownFileType = sourcecode.swift; path = SignInViewController.swift; sourceTree = "<group>"; };
		FF1A89DB282FB22F009C7815 /* SignInViewController.xib */ = {isa = PBXFileReference; lastKnownFileType = file.xib; path = SignInViewController.xib; sourceTree = "<group>"; };
		FF1A89E6282FB6A1009C7815 /* RegisterViewController.swift */ = {isa = PBXFileReference; lastKnownFileType = sourcecode.swift; path = RegisterViewController.swift; sourceTree = "<group>"; };
		FF1A89E7282FB6A1009C7815 /* RegisterViewController.xib */ = {isa = PBXFileReference; lastKnownFileType = file.xib; path = RegisterViewController.xib; sourceTree = "<group>"; };
		FF1A89F3282FC309009C7815 /* UIViewExt.swift */ = {isa = PBXFileReference; lastKnownFileType = sourcecode.swift; path = UIViewExt.swift; sourceTree = "<group>"; };
		FF1A89F5282FC782009C7815 /* UIColorExt.swift */ = {isa = PBXFileReference; lastKnownFileType = sourcecode.swift; path = UIColorExt.swift; sourceTree = "<group>"; };
		FF1A89F8282FD061009C7815 /* SignInViewModel.swift */ = {isa = PBXFileReference; lastKnownFileType = sourcecode.swift; path = SignInViewModel.swift; sourceTree = "<group>"; };
		FF1A8A03282FE34F009C7815 /* UIButtonExt.swift */ = {isa = PBXFileReference; lastKnownFileType = sourcecode.swift; path = UIButtonExt.swift; sourceTree = "<group>"; };
		FF1A8A05282FE811009C7815 /* UITextfieldExt.swift */ = {isa = PBXFileReference; lastKnownFileType = sourcecode.swift; path = UITextfieldExt.swift; sourceTree = "<group>"; };
		FF1A8A07282FE958009C7815 /* UIViewControllerExt.swift */ = {isa = PBXFileReference; lastKnownFileType = sourcecode.swift; path = UIViewControllerExt.swift; sourceTree = "<group>"; };
		FF1A8A0B282FF678009C7815 /* BaseViewController.swift */ = {isa = PBXFileReference; lastKnownFileType = sourcecode.swift; path = BaseViewController.swift; sourceTree = "<group>"; };
		FF1A8A0E282FFB11009C7815 /* RegisterViewModel.swift */ = {isa = PBXFileReference; lastKnownFileType = sourcecode.swift; path = RegisterViewModel.swift; sourceTree = "<group>"; };
		FF1A8A10282FFCC1009C7815 /* PickerDisplayViewController.swift */ = {isa = PBXFileReference; lastKnownFileType = sourcecode.swift; path = PickerDisplayViewController.swift; sourceTree = "<group>"; };
		FF1A8A1228300242009C7815 /* PickerModel.swift */ = {isa = PBXFileReference; lastKnownFileType = sourcecode.swift; path = PickerModel.swift; sourceTree = "<group>"; };
		FF1A8A142830153C009C7815 /* TapBarConstant.swift */ = {isa = PBXFileReference; lastKnownFileType = sourcecode.swift; name = TapBarConstant.swift; path = TampaJejak/Presentation/Picker/TapBarConstant.swift; sourceTree = SOURCE_ROOT; };
		FF1A8A16283015C5009C7815 /* TabBarViewController.swift */ = {isa = PBXFileReference; lastKnownFileType = sourcecode.swift; name = TabBarViewController.swift; path = TampaJejak/Presentation/Picker/TabBarViewController.swift; sourceTree = SOURCE_ROOT; };
		FF1A8A1B2830164F009C7815 /* HomeViewController.swift */ = {isa = PBXFileReference; lastKnownFileType = sourcecode.swift; path = HomeViewController.swift; sourceTree = "<group>"; };
		FF1A8A1C2830164F009C7815 /* HomeViewController.xib */ = {isa = PBXFileReference; lastKnownFileType = file.xib; path = HomeViewController.xib; sourceTree = "<group>"; };
		FF1A8A21283016C8009C7815 /* HomeViewModel.swift */ = {isa = PBXFileReference; lastKnownFileType = sourcecode.swift; path = HomeViewModel.swift; sourceTree = "<group>"; };
		FF1A8A2328301825009C7815 /* AccountViewController.swift */ = {isa = PBXFileReference; lastKnownFileType = sourcecode.swift; path = AccountViewController.swift; sourceTree = "<group>"; };
		FF1A8A2428301825009C7815 /* AccountViewController.xib */ = {isa = PBXFileReference; lastKnownFileType = file.xib; path = AccountViewController.xib; sourceTree = "<group>"; };
		FF1A8A282830188D009C7815 /* QRCodeViewController.swift */ = {isa = PBXFileReference; lastKnownFileType = sourcecode.swift; path = QRCodeViewController.swift; sourceTree = "<group>"; };
		FF1A8A2B28303CBA009C7815 /* HomeHeaderTableViewCell.swift */ = {isa = PBXFileReference; lastKnownFileType = sourcecode.swift; path = HomeHeaderTableViewCell.swift; sourceTree = "<group>"; };
		FF1A8A2C28303CBA009C7815 /* HomeHeaderTableViewCell.xib */ = {isa = PBXFileReference; lastKnownFileType = file.xib; path = HomeHeaderTableViewCell.xib; sourceTree = "<group>"; };
		FF1A8A2F28304569009C7815 /* CarouselTableViewCell.swift */ = {isa = PBXFileReference; lastKnownFileType = sourcecode.swift; path = CarouselTableViewCell.swift; sourceTree = "<group>"; };
		FF1A8A3028304569009C7815 /* CarouselTableViewCell.xib */ = {isa = PBXFileReference; lastKnownFileType = file.xib; path = CarouselTableViewCell.xib; sourceTree = "<group>"; };
		FF1A8A332830AF03009C7815 /* HeaderView.swift */ = {isa = PBXFileReference; lastKnownFileType = sourcecode.swift; path = HeaderView.swift; sourceTree = "<group>"; };
		FF1A8A362830C954009C7815 /* CarouselCollectionViewCell.swift */ = {isa = PBXFileReference; lastKnownFileType = sourcecode.swift; path = CarouselCollectionViewCell.swift; sourceTree = "<group>"; };
		FF1A8A372830C954009C7815 /* CarouselCollectionViewCell.xib */ = {isa = PBXFileReference; lastKnownFileType = file.xib; path = CarouselCollectionViewCell.xib; sourceTree = "<group>"; };
		FF1A8A3B2830DA13009C7815 /* MainFoodCollectionViewCell.swift */ = {isa = PBXFileReference; lastKnownFileType = sourcecode.swift; path = MainFoodCollectionViewCell.swift; sourceTree = "<group>"; };
		FF1A8A3C2830DA13009C7815 /* MainFoodCollectionViewCell.xib */ = {isa = PBXFileReference; lastKnownFileType = file.xib; path = MainFoodCollectionViewCell.xib; sourceTree = "<group>"; };
		FF1A8A412830DC3A009C7815 /* PlainCarouselTableViewCell.swift */ = {isa = PBXFileReference; lastKnownFileType = sourcecode.swift; path = PlainCarouselTableViewCell.swift; sourceTree = "<group>"; };
		FF1A8A422830DC3A009C7815 /* PlainCarouselTableViewCell.xib */ = {isa = PBXFileReference; lastKnownFileType = file.xib; path = PlainCarouselTableViewCell.xib; sourceTree = "<group>"; };
		FF1A8A452830E661009C7815 /* BaseTableViewCell.swift */ = {isa = PBXFileReference; lastKnownFileType = sourcecode.swift; path = BaseTableViewCell.swift; sourceTree = "<group>"; };
		FF1A8A472830E717009C7815 /* BaseCollectionView.swift */ = {isa = PBXFileReference; lastKnownFileType = sourcecode.swift; path = BaseCollectionView.swift; sourceTree = "<group>"; };
		FF1A8A4A2830E804009C7815 /* ActivityViewController.swift */ = {isa = PBXFileReference; lastKnownFileType = sourcecode.swift; path = ActivityViewController.swift; sourceTree = "<group>"; };
		FF1A8A4B2830E804009C7815 /* ActivityViewController.xib */ = {isa = PBXFileReference; lastKnownFileType = file.xib; path = ActivityViewController.xib; sourceTree = "<group>"; };
		FF1A8A4F2830E8AF009C7815 /* ActivityViewModel.swift */ = {isa = PBXFileReference; lastKnownFileType = sourcecode.swift; path = ActivityViewModel.swift; sourceTree = "<group>"; };
		FF1A8A512830EC08009C7815 /* OrderTableViewCell.swift */ = {isa = PBXFileReference; lastKnownFileType = sourcecode.swift; path = OrderTableViewCell.swift; sourceTree = "<group>"; };
		FF1A8A522830EC08009C7815 /* OrderTableViewCell.xib */ = {isa = PBXFileReference; lastKnownFileType = file.xib; path = OrderTableViewCell.xib; sourceTree = "<group>"; };
		FF1A8A562830EEBA009C7815 /* OrderCodeTableViewCell.swift */ = {isa = PBXFileReference; lastKnownFileType = sourcecode.swift; path = OrderCodeTableViewCell.swift; sourceTree = "<group>"; };
		FF1A8A572830EEBA009C7815 /* OrderCodeTableViewCell.xib */ = {isa = PBXFileReference; lastKnownFileType = file.xib; path = OrderCodeTableViewCell.xib; sourceTree = "<group>"; };
		FF1A8A5A2830F25C009C7815 /* TrackOrderTableViewCell.swift */ = {isa = PBXFileReference; lastKnownFileType = sourcecode.swift; path = TrackOrderTableViewCell.swift; sourceTree = "<group>"; };
		FF1A8A5B2830F25C009C7815 /* TrackOrderTableViewCell.xib */ = {isa = PBXFileReference; lastKnownFileType = file.xib; path = TrackOrderTableViewCell.xib; sourceTree = "<group>"; };
		FF1A8A5E2830F3F1009C7815 /* CartService.swift */ = {isa = PBXFileReference; lastKnownFileType = sourcecode.swift; path = CartService.swift; sourceTree = "<group>"; };
		FF1A8A612830F712009C7815 /* CartViewController.swift */ = {isa = PBXFileReference; lastKnownFileType = sourcecode.swift; path = CartViewController.swift; sourceTree = "<group>"; };
		FF1A8A622830F712009C7815 /* CartViewController.xib */ = {isa = PBXFileReference; lastKnownFileType = file.xib; path = CartViewController.xib; sourceTree = "<group>"; };
		FF1A8A652830F98A009C7815 /* FoodModel.swift */ = {isa = PBXFileReference; lastKnownFileType = sourcecode.swift; path = FoodModel.swift; sourceTree = "<group>"; };
		FF1A8A682830F9F0009C7815 /* FoodStatic.swift */ = {isa = PBXFileReference; lastKnownFileType = sourcecode.swift; path = FoodStatic.swift; sourceTree = "<group>"; };
		FF1A8A6A2830FA20009C7815 /* OrderModel.swift */ = {isa = PBXFileReference; lastKnownFileType = sourcecode.swift; path = OrderModel.swift; sourceTree = "<group>"; };
		FF1A8A6F28318FE9009C7815 /* FoodCategoryViewController.swift */ = {isa = PBXFileReference; lastKnownFileType = sourcecode.swift; path = FoodCategoryViewController.swift; sourceTree = "<group>"; };
		FF1A8A7028318FE9009C7815 /* FoodCategoryViewController.xib */ = {isa = PBXFileReference; lastKnownFileType = file.xib; path = FoodCategoryViewController.xib; sourceTree = "<group>"; };
		FF315D232834031200140B6D /* CartInfoTableViewCell.swift */ = {isa = PBXFileReference; lastKnownFileType = sourcecode.swift; path = CartInfoTableViewCell.swift; sourceTree = "<group>"; };
		FF315D242834031200140B6D /* CartInfoTableViewCell.xib */ = {isa = PBXFileReference; lastKnownFileType = file.xib; path = CartInfoTableViewCell.xib; sourceTree = "<group>"; };
		FF522E0F28328B4300892055 /* FoodCategoryHeaderCollectionViewCell.swift */ = {isa = PBXFileReference; lastKnownFileType = sourcecode.swift; path = FoodCategoryHeaderCollectionViewCell.swift; sourceTree = "<group>"; };
		FF522E1028328B4300892055 /* FoodCategoryHeaderCollectionViewCell.xib */ = {isa = PBXFileReference; lastKnownFileType = file.xib; path = FoodCategoryHeaderCollectionViewCell.xib; sourceTree = "<group>"; };
		FF68F4C62832CB3D00F28643 /* FoodCategoryViewModel.swift */ = {isa = PBXFileReference; lastKnownFileType = sourcecode.swift; path = FoodCategoryViewModel.swift; sourceTree = "<group>"; };
		FF68F4C92832D1F400F28643 /* LaunchScreenViewModel.swift */ = {isa = PBXFileReference; lastKnownFileType = sourcecode.swift; path = LaunchScreenViewModel.swift; sourceTree = "<group>"; };
		FF872B94282FAF90009D6604 /* FakeLaunchScreenViewController.swift */ = {isa = PBXFileReference; lastKnownFileType = sourcecode.swift; path = FakeLaunchScreenViewController.swift; sourceTree = "<group>"; };
		FF872B95282FAF90009D6604 /* FakeLaunchScreenViewController.xib */ = {isa = PBXFileReference; lastKnownFileType = file.xib; path = FakeLaunchScreenViewController.xib; sourceTree = "<group>"; };
		FFB07E7C2833F89A001F9773 /* FoodInfoViewController.swift */ = {isa = PBXFileReference; lastKnownFileType = sourcecode.swift; path = FoodInfoViewController.swift; sourceTree = "<group>"; };
		FFB07E7D2833F89A001F9773 /* FoodInfoViewController.xib */ = {isa = PBXFileReference; lastKnownFileType = file.xib; path = FoodInfoViewController.xib; sourceTree = "<group>"; };
		FFC7775A282E929300AF4E8A /* TampaJejak.app */ = {isa = PBXFileReference; explicitFileType = wrapper.application; includeInIndex = 0; path = TampaJejak.app; sourceTree = BUILT_PRODUCTS_DIR; };
		FFC7775D282E929300AF4E8A /* AppDelegate.swift */ = {isa = PBXFileReference; lastKnownFileType = sourcecode.swift; path = AppDelegate.swift; sourceTree = "<group>"; };
		FFC7775F282E929300AF4E8A /* SceneDelegate.swift */ = {isa = PBXFileReference; lastKnownFileType = sourcecode.swift; path = SceneDelegate.swift; sourceTree = "<group>"; };
		FFC77766282E929500AF4E8A /* Assets.xcassets */ = {isa = PBXFileReference; lastKnownFileType = folder.assetcatalog; path = Assets.xcassets; sourceTree = "<group>"; };
		FFC77769282E929500AF4E8A /* Base */ = {isa = PBXFileReference; lastKnownFileType = file.storyboard; name = Base; path = Base.lproj/LaunchScreen.storyboard; sourceTree = "<group>"; };
		FFC77770282E929500AF4E8A /* TampaJejakTests.xctest */ = {isa = PBXFileReference; explicitFileType = wrapper.cfbundle; includeInIndex = 0; path = TampaJejakTests.xctest; sourceTree = BUILT_PRODUCTS_DIR; };
		FFC77774282E929500AF4E8A /* TampaJejakTests.swift */ = {isa = PBXFileReference; lastKnownFileType = sourcecode.swift; path = TampaJejakTests.swift; sourceTree = "<group>"; };
		FFC7777A282E929500AF4E8A /* TampaJejakUITests.xctest */ = {isa = PBXFileReference; explicitFileType = wrapper.cfbundle; includeInIndex = 0; path = TampaJejakUITests.xctest; sourceTree = BUILT_PRODUCTS_DIR; };
		FFC7777E282E929500AF4E8A /* TampaJejakUITests.swift */ = {isa = PBXFileReference; lastKnownFileType = sourcecode.swift; path = TampaJejakUITests.swift; sourceTree = "<group>"; };
		FFC77780282E929500AF4E8A /* TampaJejakUITestsLaunchTests.swift */ = {isa = PBXFileReference; lastKnownFileType = sourcecode.swift; path = TampaJejakUITestsLaunchTests.swift; sourceTree = "<group>"; };
		FFC7778E282E95E900AF4E8A /* Coordinator.swift */ = {isa = PBXFileReference; lastKnownFileType = sourcecode.swift; path = Coordinator.swift; sourceTree = "<group>"; };
		FFC7779A282E9BBC00AF4E8A /* QRCodeService.swift */ = {isa = PBXFileReference; lastKnownFileType = sourcecode.swift; path = QRCodeService.swift; sourceTree = "<group>"; };
/* End PBXFileReference section */

/* Begin PBXFrameworksBuildPhase section */
		FFC77757282E929200AF4E8A /* Frameworks */ = {
			isa = PBXFrameworksBuildPhase;
			buildActionMask = 2147483647;
			files = (
			);
			runOnlyForDeploymentPostprocessing = 0;
		};
		FFC7776D282E929500AF4E8A /* Frameworks */ = {
			isa = PBXFrameworksBuildPhase;
			buildActionMask = 2147483647;
			files = (
			);
			runOnlyForDeploymentPostprocessing = 0;
		};
		FFC77777282E929500AF4E8A /* Frameworks */ = {
			isa = PBXFrameworksBuildPhase;
			buildActionMask = 2147483647;
			files = (
			);
			runOnlyForDeploymentPostprocessing = 0;
		};
/* End PBXFrameworksBuildPhase section */

/* Begin PBXGroup section */
		FF1A89D5282FB12F009C7815 /* Auth */ = {
			isa = PBXGroup;
			children = (
				FF1A89D6282FB143009C7815 /* UserSharedInstance.swift */,
			);
			path = Auth;
			sourceTree = "<group>";
		};
		FF1A89F2282FC2FD009C7815 /* Extention */ = {
			isa = PBXGroup;
			children = (
				FF1A89F3282FC309009C7815 /* UIViewExt.swift */,
				FF1A89F5282FC782009C7815 /* UIColorExt.swift */,
				FF1A8A03282FE34F009C7815 /* UIButtonExt.swift */,
				FF1A8A05282FE811009C7815 /* UITextfieldExt.swift */,
				FF1A8A07282FE958009C7815 /* UIViewControllerExt.swift */,
			);
			path = Extention;
			sourceTree = "<group>";
		};
		FF1A89F7282FD03B009C7815 /* ViewModel */ = {
			isa = PBXGroup;
			children = (
				FF1A89F8282FD061009C7815 /* SignInViewModel.swift */,
			);
			path = ViewModel;
			sourceTree = "<group>";
		};
		FF1A8A09282FEC82009C7815 /* Picker */ = {
			isa = PBXGroup;
			children = (
				FF1A8A10282FFCC1009C7815 /* PickerDisplayViewController.swift */,
				FF1A8A1228300242009C7815 /* PickerModel.swift */,
			);
			path = Picker;
			sourceTree = "<group>";
		};
		FF1A8A0A282FF667009C7815 /* Reusables */ = {
			isa = PBXGroup;
			children = (
				FF1A8A3A2830D9EB009C7815 /* Cells */,
				FF1A8A0B282FF678009C7815 /* BaseViewController.swift */,
				FF1A8A452830E661009C7815 /* BaseTableViewCell.swift */,
				FF1A8A472830E717009C7815 /* BaseCollectionView.swift */,
			);
			path = Reusables;
			sourceTree = "<group>";
		};
		FF1A8A0D282FFB03009C7815 /* ViewModel */ = {
			isa = PBXGroup;
			children = (
				FF1A8A0E282FFB11009C7815 /* RegisterViewModel.swift */,
			);
			path = ViewModel;
			sourceTree = "<group>";
		};
		FF1A8A18283015D1009C7815 /* Home */ = {
			isa = PBXGroup;
			children = (
				FF1A8A20283016BC009C7815 /* ViewModel */,
				FF1A8A1F283016B4009C7815 /* Cells */,
				FF1A8A1B2830164F009C7815 /* HomeViewController.swift */,
				FF1A8A1C2830164F009C7815 /* HomeViewController.xib */,
				FF1A8A332830AF03009C7815 /* HeaderView.swift */,
			);
			path = Home;
			sourceTree = "<group>";
		};
		FF1A8A19283015D8009C7815 /* Account */ = {
			isa = PBXGroup;
			children = (
				FF1A8A2328301825009C7815 /* AccountViewController.swift */,
				FF1A8A2428301825009C7815 /* AccountViewController.xib */,
			);
			path = Account;
			sourceTree = "<group>";
		};
		FF1A8A1A283015F9009C7815 /* Activity */ = {
			isa = PBXGroup;
			children = (
				FF1A8A552830EEAA009C7815 /* Cells */,
				FF1A8A4E2830E8A3009C7815 /* ViewModel */,
				FF1A8A4A2830E804009C7815 /* ActivityViewController.swift */,
				FF1A8A4B2830E804009C7815 /* ActivityViewController.xib */,
			);
			path = Activity;
			sourceTree = "<group>";
		};
		FF1A8A1F283016B4009C7815 /* Cells */ = {
			isa = PBXGroup;
			children = (
				FF1A8A492830E768009C7815 /* Category */,
				FF1A8A3F2830DC19009C7815 /* PlainCarousel */,
				FF1A8A352830C938009C7815 /* Carousel */,
				FF1A8A2B28303CBA009C7815 /* HomeHeaderTableViewCell.swift */,
				FF1A8A2C28303CBA009C7815 /* HomeHeaderTableViewCell.xib */,
			);
			path = Cells;
			sourceTree = "<group>";
		};
		FF1A8A20283016BC009C7815 /* ViewModel */ = {
			isa = PBXGroup;
			children = (
				FF1A8A21283016C8009C7815 /* HomeViewModel.swift */,
			);
			path = ViewModel;
			sourceTree = "<group>";
		};
		FF1A8A272830187B009C7815 /* QrCode */ = {
			isa = PBXGroup;
			children = (
				FF1A8A282830188D009C7815 /* QRCodeViewController.swift */,
			);
			path = QrCode;
			sourceTree = "<group>";
		};
		FF1A8A2A28303C8C009C7815 /* Cart */ = {
			isa = PBXGroup;
			children = (
				FF1A8A5E2830F3F1009C7815 /* CartService.swift */,
			);
			path = Cart;
			sourceTree = "<group>";
		};
		FF1A8A352830C938009C7815 /* Carousel */ = {
			isa = PBXGroup;
			children = (
				FF1A8A2F28304569009C7815 /* CarouselTableViewCell.swift */,
				FF1A8A3028304569009C7815 /* CarouselTableViewCell.xib */,
				FF1A8A362830C954009C7815 /* CarouselCollectionViewCell.swift */,
				FF1A8A372830C954009C7815 /* CarouselCollectionViewCell.xib */,
			);
			path = Carousel;
			sourceTree = "<group>";
		};
		FF1A8A3A2830D9EB009C7815 /* Cells */ = {
			isa = PBXGroup;
			children = (
				FF1A8A3B2830DA13009C7815 /* MainFoodCollectionViewCell.swift */,
				FF1A8A3C2830DA13009C7815 /* MainFoodCollectionViewCell.xib */,
				FF1A8A512830EC08009C7815 /* OrderTableViewCell.swift */,
				FF1A8A522830EC08009C7815 /* OrderTableViewCell.xib */,
			);
			path = Cells;
			sourceTree = "<group>";
		};
		FF1A8A3F2830DC19009C7815 /* PlainCarousel */ = {
			isa = PBXGroup;
			children = (
				FF1A8A412830DC3A009C7815 /* PlainCarouselTableViewCell.swift */,
				FF1A8A422830DC3A009C7815 /* PlainCarouselTableViewCell.xib */,
			);
			path = PlainCarousel;
			sourceTree = "<group>";
		};
		FF1A8A492830E768009C7815 /* Category */ = {
			isa = PBXGroup;
			children = (
			);
			path = Category;
			sourceTree = "<group>";
		};
		FF1A8A4E2830E8A3009C7815 /* ViewModel */ = {
			isa = PBXGroup;
			children = (
				FF1A8A4F2830E8AF009C7815 /* ActivityViewModel.swift */,
			);
			path = ViewModel;
			sourceTree = "<group>";
		};
		FF1A8A552830EEAA009C7815 /* Cells */ = {
			isa = PBXGroup;
			children = (
				FF1A8A562830EEBA009C7815 /* OrderCodeTableViewCell.swift */,
				FF1A8A572830EEBA009C7815 /* OrderCodeTableViewCell.xib */,
				FF1A8A5A2830F25C009C7815 /* TrackOrderTableViewCell.swift */,
				FF1A8A5B2830F25C009C7815 /* TrackOrderTableViewCell.xib */,
			);
			path = Cells;
			sourceTree = "<group>";
		};
		FF1A8A602830F6F2009C7815 /* CartPath */ = {
			isa = PBXGroup;
			children = (
				FF315D22283402F800140B6D /* Cell */,
				FF1A8A612830F712009C7815 /* CartViewController.swift */,
				FF1A8A622830F712009C7815 /* CartViewController.xib */,
			);
			path = CartPath;
			sourceTree = "<group>";
		};
		FF1A8A672830F9E1009C7815 /* StaticData */ = {
			isa = PBXGroup;
			children = (
				FF1A8A682830F9F0009C7815 /* FoodStatic.swift */,
			);
			path = StaticData;
			sourceTree = "<group>";
		};
		FF1A8A6C28318EEC009C7815 /* Food */ = {
			isa = PBXGroup;
			children = (
				FF1A8A6E28318FD8009C7815 /* FoodInfo */,
				FF1A8A6D28318FC6009C7815 /* FoodCategory */,
			);
			path = Food;
			sourceTree = "<group>";
		};
		FF1A8A6D28318FC6009C7815 /* FoodCategory */ = {
			isa = PBXGroup;
			children = (
				FF522E132832CAE800892055 /* ViewModel */,
				FF522E0E28328B2500892055 /* Cells */,
				FF1A8A6F28318FE9009C7815 /* FoodCategoryViewController.swift */,
				FF1A8A7028318FE9009C7815 /* FoodCategoryViewController.xib */,
			);
			path = FoodCategory;
			sourceTree = "<group>";
		};
		FF1A8A6E28318FD8009C7815 /* FoodInfo */ = {
			isa = PBXGroup;
			children = (
				FFB07E7C2833F89A001F9773 /* FoodInfoViewController.swift */,
				FFB07E7D2833F89A001F9773 /* FoodInfoViewController.xib */,
			);
			path = FoodInfo;
			sourceTree = "<group>";
		};
		FF315D22283402F800140B6D /* Cell */ = {
			isa = PBXGroup;
			children = (
				FF315D232834031200140B6D /* CartInfoTableViewCell.swift */,
				FF315D242834031200140B6D /* CartInfoTableViewCell.xib */,
			);
			path = Cell;
			sourceTree = "<group>";
		};
		FF522E0E28328B2500892055 /* Cells */ = {
			isa = PBXGroup;
			children = (
				FF522E0F28328B4300892055 /* FoodCategoryHeaderCollectionViewCell.swift */,
				FF522E1028328B4300892055 /* FoodCategoryHeaderCollectionViewCell.xib */,
			);
			path = Cells;
			sourceTree = "<group>";
		};
		FF522E132832CAE800892055 /* ViewModel */ = {
			isa = PBXGroup;
			children = (
				FF68F4C62832CB3D00F28643 /* FoodCategoryViewModel.swift */,
			);
			path = ViewModel;
			sourceTree = "<group>";
		};
		FF68F4C82832D1E800F28643 /* ViewModel */ = {
			isa = PBXGroup;
			children = (
				FF68F4C92832D1F400F28643 /* LaunchScreenViewModel.swift */,
			);
			path = ViewModel;
			sourceTree = "<group>";
		};
		FF77B6FF282EA53A008503BD /* TapBarComponent */ = {
			isa = PBXGroup;
			children = (
				FF1A8A142830153C009C7815 /* TapBarConstant.swift */,
				FF1A8A16283015C5009C7815 /* TabBarViewController.swift */,
			);
			path = TapBarComponent;
			sourceTree = "<group>";
		};
		FF872B93282FAF79009D6604 /* LaunchScreen */ = {
			isa = PBXGroup;
			children = (
				FF68F4C82832D1E800F28643 /* ViewModel */,
				FF872B94282FAF90009D6604 /* FakeLaunchScreenViewController.swift */,
				FF872B95282FAF90009D6604 /* FakeLaunchScreenViewController.xib */,
			);
			path = LaunchScreen;
			sourceTree = "<group>";
		};
		FFC77751282E929200AF4E8A = {
			isa = PBXGroup;
			children = (
				FFC7775C282E929300AF4E8A /* TampaJejak */,
				FFC77773282E929500AF4E8A /* TampaJejakTests */,
				FFC7777D282E929500AF4E8A /* TampaJejakUITests */,
				FFC7775B282E929300AF4E8A /* Products */,
			);
			sourceTree = "<group>";
		};
		FFC7775B282E929300AF4E8A /* Products */ = {
			isa = PBXGroup;
			children = (
				FFC7775A282E929300AF4E8A /* TampaJejak.app */,
				FFC77770282E929500AF4E8A /* TampaJejakTests.xctest */,
				FFC7777A282E929500AF4E8A /* TampaJejakUITests.xctest */,
			);
			name = Products;
			sourceTree = "<group>";
		};
		FFC7775C282E929300AF4E8A /* TampaJejak */ = {
			isa = PBXGroup;
			children = (
				FF1A8A0A282FF667009C7815 /* Reusables */,
				FF1A89F2282FC2FD009C7815 /* Extention */,
				FFC77798282E999700AF4E8A /* Services */,
				FFC77791282E971300AF4E8A /* Presentation */,
				FFC77790282E970F00AF4E8A /* Models */,
				FFC7778D282E95D600AF4E8A /* Root */,
				FFC77766282E929500AF4E8A /* Assets.xcassets */,
				FFC77768282E929500AF4E8A /* LaunchScreen.storyboard */,
			);
			path = TampaJejak;
			sourceTree = "<group>";
		};
		FFC77773282E929500AF4E8A /* TampaJejakTests */ = {
			isa = PBXGroup;
			children = (
				FFC77774282E929500AF4E8A /* TampaJejakTests.swift */,
			);
			path = TampaJejakTests;
			sourceTree = "<group>";
		};
		FFC7777D282E929500AF4E8A /* TampaJejakUITests */ = {
			isa = PBXGroup;
			children = (
				FFC7777E282E929500AF4E8A /* TampaJejakUITests.swift */,
				FFC77780282E929500AF4E8A /* TampaJejakUITestsLaunchTests.swift */,
			);
			path = TampaJejakUITests;
			sourceTree = "<group>";
		};
		FFC7778D282E95D600AF4E8A /* Root */ = {
			isa = PBXGroup;
			children = (
				FFC7775F282E929300AF4E8A /* SceneDelegate.swift */,
				FFC7775D282E929300AF4E8A /* AppDelegate.swift */,
				FFC7778E282E95E900AF4E8A /* Coordinator.swift */,
			);
			path = Root;
			sourceTree = "<group>";
		};
		FFC77790282E970F00AF4E8A /* Models */ = {
			isa = PBXGroup;
			children = (
				FF1A8A652830F98A009C7815 /* FoodModel.swift */,
				FF1A8A6A2830FA20009C7815 /* OrderModel.swift */,
			);
			path = Models;
			sourceTree = "<group>";
		};
		FFC77791282E971300AF4E8A /* Presentation */ = {
			isa = PBXGroup;
			children = (
				FF1A8A602830F6F2009C7815 /* CartPath */,
				FF1A8A272830187B009C7815 /* QrCode */,
				FF1A8A09282FEC82009C7815 /* Picker */,
				FF872B93282FAF79009D6604 /* LaunchScreen */,
				FFC77796282E973400AF4E8A /* TapBar */,
				FFC77793282E972100AF4E8A /* Auth */,
			);
			path = Presentation;
			sourceTree = "<group>";
		};
		FFC77792282E971900AF4E8A /* Network */ = {
			isa = PBXGroup;
			children = (
			);
			path = Network;
			sourceTree = "<group>";
		};
		FFC77793282E972100AF4E8A /* Auth */ = {
			isa = PBXGroup;
			children = (
				FFC77795282E972B00AF4E8A /* Register */,
				FFC77794282E972600AF4E8A /* Login */,
			);
			path = Auth;
			sourceTree = "<group>";
		};
		FFC77794282E972600AF4E8A /* Login */ = {
			isa = PBXGroup;
			children = (
				FF1A89F7282FD03B009C7815 /* ViewModel */,
				FF1A89DA282FB22F009C7815 /* SignInViewController.swift */,
				FF1A89DB282FB22F009C7815 /* SignInViewController.xib */,
			);
			path = Login;
			sourceTree = "<group>";
		};
		FFC77795282E972B00AF4E8A /* Register */ = {
			isa = PBXGroup;
			children = (
				FF1A8A0D282FFB03009C7815 /* ViewModel */,
				FF1A89E6282FB6A1009C7815 /* RegisterViewController.swift */,
				FF1A89E7282FB6A1009C7815 /* RegisterViewController.xib */,
			);
			path = Register;
			sourceTree = "<group>";
		};
		FFC77796282E973400AF4E8A /* TapBar */ = {
			isa = PBXGroup;
			children = (
				FF1A8A6C28318EEC009C7815 /* Food */,
				FF1A8A1A283015F9009C7815 /* Activity */,
				FF1A8A19283015D8009C7815 /* Account */,
				FF1A8A18283015D1009C7815 /* Home */,
				FF77B6FF282EA53A008503BD /* TapBarComponent */,
			);
			path = TapBar;
			sourceTree = "<group>";
		};
		FFC77798282E999700AF4E8A /* Services */ = {
			isa = PBXGroup;
			children = (
				FF1A8A672830F9E1009C7815 /* StaticData */,
				FF1A8A2A28303C8C009C7815 /* Cart */,
				FF1A89D5282FB12F009C7815 /* Auth */,
				FFC77799282E999E00AF4E8A /* QRCode */,
				FFC77792282E971900AF4E8A /* Network */,
			);
			path = Services;
			sourceTree = "<group>";
		};
		FFC77799282E999E00AF4E8A /* QRCode */ = {
			isa = PBXGroup;
			children = (
				FFC7779A282E9BBC00AF4E8A /* QRCodeService.swift */,
			);
			path = QRCode;
			sourceTree = "<group>";
		};
/* End PBXGroup section */

/* Begin PBXNativeTarget section */
		FFC77759282E929200AF4E8A /* TampaJejak */ = {
			isa = PBXNativeTarget;
			buildConfigurationList = FFC77784282E929500AF4E8A /* Build configuration list for PBXNativeTarget "TampaJejak" */;
			buildPhases = (
				FFC77756282E929200AF4E8A /* Sources */,
				FFC77757282E929200AF4E8A /* Frameworks */,
				FFC77758282E929200AF4E8A /* Resources */,
			);
			buildRules = (
			);
			dependencies = (
			);
			name = TampaJejak;
			productName = TampaJejak;
			productReference = FFC7775A282E929300AF4E8A /* TampaJejak.app */;
			productType = "com.apple.product-type.application";
		};
		FFC7776F282E929500AF4E8A /* TampaJejakTests */ = {
			isa = PBXNativeTarget;
			buildConfigurationList = FFC77787282E929500AF4E8A /* Build configuration list for PBXNativeTarget "TampaJejakTests" */;
			buildPhases = (
				FFC7776C282E929500AF4E8A /* Sources */,
				FFC7776D282E929500AF4E8A /* Frameworks */,
				FFC7776E282E929500AF4E8A /* Resources */,
			);
			buildRules = (
			);
			dependencies = (
				FFC77772282E929500AF4E8A /* PBXTargetDependency */,
			);
			name = TampaJejakTests;
			productName = TampaJejakTests;
			productReference = FFC77770282E929500AF4E8A /* TampaJejakTests.xctest */;
			productType = "com.apple.product-type.bundle.unit-test";
		};
		FFC77779282E929500AF4E8A /* TampaJejakUITests */ = {
			isa = PBXNativeTarget;
			buildConfigurationList = FFC7778A282E929500AF4E8A /* Build configuration list for PBXNativeTarget "TampaJejakUITests" */;
			buildPhases = (
				FFC77776282E929500AF4E8A /* Sources */,
				FFC77777282E929500AF4E8A /* Frameworks */,
				FFC77778282E929500AF4E8A /* Resources */,
			);
			buildRules = (
			);
			dependencies = (
				FFC7777C282E929500AF4E8A /* PBXTargetDependency */,
			);
			name = TampaJejakUITests;
			productName = TampaJejakUITests;
			productReference = FFC7777A282E929500AF4E8A /* TampaJejakUITests.xctest */;
			productType = "com.apple.product-type.bundle.ui-testing";
		};
/* End PBXNativeTarget section */

/* Begin PBXProject section */
		FFC77752282E929200AF4E8A /* Project object */ = {
			isa = PBXProject;
			attributes = {
				BuildIndependentTargetsInParallel = 1;
				LastSwiftUpdateCheck = 1300;
				LastUpgradeCheck = 1300;
				TargetAttributes = {
					FFC77759282E929200AF4E8A = {
						CreatedOnToolsVersion = 13.0;
					};
					FFC7776F282E929500AF4E8A = {
						CreatedOnToolsVersion = 13.0;
						TestTargetID = FFC77759282E929200AF4E8A;
					};
					FFC77779282E929500AF4E8A = {
						CreatedOnToolsVersion = 13.0;
						TestTargetID = FFC77759282E929200AF4E8A;
					};
				};
			};
			buildConfigurationList = FFC77755282E929200AF4E8A /* Build configuration list for PBXProject "TampaJejak" */;
			compatibilityVersion = "Xcode 13.0";
			developmentRegion = en;
			hasScannedForEncodings = 0;
			knownRegions = (
				en,
				Base,
			);
			mainGroup = FFC77751282E929200AF4E8A;
			productRefGroup = FFC7775B282E929300AF4E8A /* Products */;
			projectDirPath = "";
			projectRoot = "";
			targets = (
				FFC77759282E929200AF4E8A /* TampaJejak */,
				FFC7776F282E929500AF4E8A /* TampaJejakTests */,
				FFC77779282E929500AF4E8A /* TampaJejakUITests */,
			);
		};
/* End PBXProject section */

/* Begin PBXResourcesBuildPhase section */
		FFC77758282E929200AF4E8A /* Resources */ = {
			isa = PBXResourcesBuildPhase;
			buildActionMask = 2147483647;
			files = (
				FF1A8A5D2830F25C009C7815 /* TrackOrderTableViewCell.xib in Resources */,
				FF1A89DF282FB22F009C7815 /* SignInViewController.xib in Resources */,
				FF1A8A642830F712009C7815 /* CartViewController.xib in Resources */,
				FF315D262834031200140B6D /* CartInfoTableViewCell.xib in Resources */,
				FF1A8A2E28303CBA009C7815 /* HomeHeaderTableViewCell.xib in Resources */,
				FF1A8A592830EEBA009C7815 /* OrderCodeTableViewCell.xib in Resources */,
				FF1A8A392830C954009C7815 /* CarouselCollectionViewCell.xib in Resources */,
				FF522E1228328B4300892055 /* FoodCategoryHeaderCollectionViewCell.xib in Resources */,
				FF1A8A3228304569009C7815 /* CarouselTableViewCell.xib in Resources */,
				FF1A8A2628301825009C7815 /* AccountViewController.xib in Resources */,
				FF1A89EB282FB6A1009C7815 /* RegisterViewController.xib in Resources */,
				FF872B97282FAF90009D6604 /* FakeLaunchScreenViewController.xib in Resources */,
				FF1A8A4D2830E804009C7815 /* ActivityViewController.xib in Resources */,
				FF1A8A3E2830DA13009C7815 /* MainFoodCollectionViewCell.xib in Resources */,
				FF1A8A442830DC3A009C7815 /* PlainCarouselTableViewCell.xib in Resources */,
				FFB07E7F2833F89A001F9773 /* FoodInfoViewController.xib in Resources */,
				FFC7776A282E929500AF4E8A /* LaunchScreen.storyboard in Resources */,
				FF1A8A7228318FE9009C7815 /* FoodCategoryViewController.xib in Resources */,
				FFC77767282E929500AF4E8A /* Assets.xcassets in Resources */,
				FF1A8A542830EC08009C7815 /* OrderTableViewCell.xib in Resources */,
				FF1A8A1E2830164F009C7815 /* HomeViewController.xib in Resources */,
			);
			runOnlyForDeploymentPostprocessing = 0;
		};
		FFC7776E282E929500AF4E8A /* Resources */ = {
			isa = PBXResourcesBuildPhase;
			buildActionMask = 2147483647;
			files = (
				FF1A89E0282FB22F009C7815 /* SignInViewController.xib in Resources */,
				FF1A89EC282FB6A1009C7815 /* RegisterViewController.xib in Resources */,
			);
			runOnlyForDeploymentPostprocessing = 0;
		};
		FFC77778282E929500AF4E8A /* Resources */ = {
			isa = PBXResourcesBuildPhase;
			buildActionMask = 2147483647;
			files = (
				FF1A89E1282FB22F009C7815 /* SignInViewController.xib in Resources */,
				FF1A89ED282FB6A1009C7815 /* RegisterViewController.xib in Resources */,
			);
			runOnlyForDeploymentPostprocessing = 0;
		};
/* End PBXResourcesBuildPhase section */

/* Begin PBXSourcesBuildPhase section */
		FFC77756282E929200AF4E8A /* Sources */ = {
			isa = PBXSourcesBuildPhase;
			buildActionMask = 2147483647;
			files = (
				FF1A8A382830C954009C7815 /* CarouselCollectionViewCell.swift in Sources */,
				FF1A8A7128318FE9009C7815 /* FoodCategoryViewController.swift in Sources */,
				FF1A8A582830EEBA009C7815 /* OrderCodeTableViewCell.swift in Sources */,
				FF1A89F4282FC309009C7815 /* UIViewExt.swift in Sources */,
				FF1A8A3D2830DA13009C7815 /* MainFoodCollectionViewCell.swift in Sources */,
				FF1A8A22283016C8009C7815 /* HomeViewModel.swift in Sources */,
				FF1A8A06282FE811009C7815 /* UITextfieldExt.swift in Sources */,
				FF1A89DC282FB22F009C7815 /* SignInViewController.swift in Sources */,
				FF68F4C72832CB3D00F28643 /* FoodCategoryViewModel.swift in Sources */,
				FF1A8A5F2830F3F1009C7815 /* CartService.swift in Sources */,
				FF1A8A1328300242009C7815 /* PickerModel.swift in Sources */,
				FF1A8A0F282FFB11009C7815 /* RegisterViewModel.swift in Sources */,
				FF1A8A6B2830FA20009C7815 /* OrderModel.swift in Sources */,
				FF68F4CA2832D1F400F28643 /* LaunchScreenViewModel.swift in Sources */,
				FF1A8A1D2830164F009C7815 /* HomeViewController.swift in Sources */,
				FF315D252834031200140B6D /* CartInfoTableViewCell.swift in Sources */,
				FF1A89D7282FB143009C7815 /* UserSharedInstance.swift in Sources */,
				FF1A8A5C2830F25C009C7815 /* TrackOrderTableViewCell.swift in Sources */,
				FF522E1128328B4300892055 /* FoodCategoryHeaderCollectionViewCell.swift in Sources */,
				FF1A8A4C2830E804009C7815 /* ActivityViewController.swift in Sources */,
				FF1A89F6282FC782009C7815 /* UIColorExt.swift in Sources */,
				FF1A8A3128304569009C7815 /* CarouselTableViewCell.swift in Sources */,
				FF1A8A11282FFCC1009C7815 /* PickerDisplayViewController.swift in Sources */,
				FF1A8A17283015C5009C7815 /* TabBarViewController.swift in Sources */,
				FF1A8A0C282FF678009C7815 /* BaseViewController.swift in Sources */,
				FF1A8A632830F712009C7815 /* CartViewController.swift in Sources */,
				FF872B96282FAF90009D6604 /* FakeLaunchScreenViewController.swift in Sources */,
				FF1A89E8282FB6A1009C7815 /* RegisterViewController.swift in Sources */,
				FF1A8A692830F9F0009C7815 /* FoodStatic.swift in Sources */,
				FFC7778F282E95E900AF4E8A /* Coordinator.swift in Sources */,
				FF1A8A04282FE34F009C7815 /* UIButtonExt.swift in Sources */,
				FF1A8A2528301825009C7815 /* AccountViewController.swift in Sources */,
				FF1A8A462830E662009C7815 /* BaseTableViewCell.swift in Sources */,
				FF1A8A482830E717009C7815 /* BaseCollectionView.swift in Sources */,
				FF1A8A502830E8AF009C7815 /* ActivityViewModel.swift in Sources */,
				FFC7775E282E929300AF4E8A /* AppDelegate.swift in Sources */,
				FF1A8A342830AF03009C7815 /* HeaderView.swift in Sources */,
				FF1A8A292830188E009C7815 /* QRCodeViewController.swift in Sources */,
				FF1A89F9282FD061009C7815 /* SignInViewModel.swift in Sources */,
				FF1A8A432830DC3A009C7815 /* PlainCarouselTableViewCell.swift in Sources */,
				FFC7779B282E9BBC00AF4E8A /* QRCodeService.swift in Sources */,
				FF1A8A2D28303CBA009C7815 /* HomeHeaderTableViewCell.swift in Sources */,
				FF1A8A662830F98A009C7815 /* FoodModel.swift in Sources */,
				FF1A8A532830EC08009C7815 /* OrderTableViewCell.swift in Sources */,
				FF1A8A152830153C009C7815 /* TapBarConstant.swift in Sources */,
				FF1A8A08282FE958009C7815 /* UIViewControllerExt.swift in Sources */,
				FFC77760282E929300AF4E8A /* SceneDelegate.swift in Sources */,
				FFB07E7E2833F89A001F9773 /* FoodInfoViewController.swift in Sources */,
			);
			runOnlyForDeploymentPostprocessing = 0;
		};
		FFC7776C282E929500AF4E8A /* Sources */ = {
			isa = PBXSourcesBuildPhase;
			buildActionMask = 2147483647;
			files = (
				FF1A89D8282FB143009C7815 /* UserSharedInstance.swift in Sources */,
				FFC77775282E929500AF4E8A /* TampaJejakTests.swift in Sources */,
				FF1A89DD282FB22F009C7815 /* SignInViewController.swift in Sources */,
				FF1A89E9282FB6A1009C7815 /* RegisterViewController.swift in Sources */,
			);
			runOnlyForDeploymentPostprocessing = 0;
		};
		FFC77776282E929500AF4E8A /* Sources */ = {
			isa = PBXSourcesBuildPhase;
			buildActionMask = 2147483647;
			files = (
				FF1A89DE282FB22F009C7815 /* SignInViewController.swift in Sources */,
				FF1A89EA282FB6A1009C7815 /* RegisterViewController.swift in Sources */,
				FF1A89D9282FB143009C7815 /* UserSharedInstance.swift in Sources */,
				FFC77781282E929500AF4E8A /* TampaJejakUITestsLaunchTests.swift in Sources */,
				FFC7777F282E929500AF4E8A /* TampaJejakUITests.swift in Sources */,
			);
			runOnlyForDeploymentPostprocessing = 0;
		};
/* End PBXSourcesBuildPhase section */

/* Begin PBXTargetDependency section */
		FFC77772282E929500AF4E8A /* PBXTargetDependency */ = {
			isa = PBXTargetDependency;
			target = FFC77759282E929200AF4E8A /* TampaJejak */;
			targetProxy = FFC77771282E929500AF4E8A /* PBXContainerItemProxy */;
		};
		FFC7777C282E929500AF4E8A /* PBXTargetDependency */ = {
			isa = PBXTargetDependency;
			target = FFC77759282E929200AF4E8A /* TampaJejak */;
			targetProxy = FFC7777B282E929500AF4E8A /* PBXContainerItemProxy */;
		};
/* End PBXTargetDependency section */

/* Begin PBXVariantGroup section */
		FFC77768282E929500AF4E8A /* LaunchScreen.storyboard */ = {
			isa = PBXVariantGroup;
			children = (
				FFC77769282E929500AF4E8A /* Base */,
			);
			name = LaunchScreen.storyboard;
			sourceTree = "<group>";
		};
/* End PBXVariantGroup section */

/* Begin XCBuildConfiguration section */
		FFC77782282E929500AF4E8A /* Debug */ = {
			isa = XCBuildConfiguration;
			buildSettings = {
				ALWAYS_SEARCH_USER_PATHS = NO;
				CLANG_ANALYZER_NONNULL = YES;
				CLANG_ANALYZER_NUMBER_OBJECT_CONVERSION = YES_AGGRESSIVE;
				CLANG_CXX_LANGUAGE_STANDARD = "gnu++17";
				CLANG_CXX_LIBRARY = "libc++";
				CLANG_ENABLE_MODULES = YES;
				CLANG_ENABLE_OBJC_ARC = YES;
				CLANG_ENABLE_OBJC_WEAK = YES;
				CLANG_WARN_BLOCK_CAPTURE_AUTORELEASING = YES;
				CLANG_WARN_BOOL_CONVERSION = YES;
				CLANG_WARN_COMMA = YES;
				CLANG_WARN_CONSTANT_CONVERSION = YES;
				CLANG_WARN_DEPRECATED_OBJC_IMPLEMENTATIONS = YES;
				CLANG_WARN_DIRECT_OBJC_ISA_USAGE = YES_ERROR;
				CLANG_WARN_DOCUMENTATION_COMMENTS = YES;
				CLANG_WARN_EMPTY_BODY = YES;
				CLANG_WARN_ENUM_CONVERSION = YES;
				CLANG_WARN_INFINITE_RECURSION = YES;
				CLANG_WARN_INT_CONVERSION = YES;
				CLANG_WARN_NON_LITERAL_NULL_CONVERSION = YES;
				CLANG_WARN_OBJC_IMPLICIT_RETAIN_SELF = YES;
				CLANG_WARN_OBJC_LITERAL_CONVERSION = YES;
				CLANG_WARN_OBJC_ROOT_CLASS = YES_ERROR;
				CLANG_WARN_QUOTED_INCLUDE_IN_FRAMEWORK_HEADER = YES;
				CLANG_WARN_RANGE_LOOP_ANALYSIS = YES;
				CLANG_WARN_STRICT_PROTOTYPES = YES;
				CLANG_WARN_SUSPICIOUS_MOVE = YES;
				CLANG_WARN_UNGUARDED_AVAILABILITY = YES_AGGRESSIVE;
				CLANG_WARN_UNREACHABLE_CODE = YES;
				CLANG_WARN__DUPLICATE_METHOD_MATCH = YES;
				COPY_PHASE_STRIP = NO;
				DEBUG_INFORMATION_FORMAT = dwarf;
				ENABLE_STRICT_OBJC_MSGSEND = YES;
				ENABLE_TESTABILITY = YES;
				GCC_C_LANGUAGE_STANDARD = gnu11;
				GCC_DYNAMIC_NO_PIC = NO;
				GCC_NO_COMMON_BLOCKS = YES;
				GCC_OPTIMIZATION_LEVEL = 0;
				GCC_PREPROCESSOR_DEFINITIONS = (
					"DEBUG=1",
					"$(inherited)",
				);
				GCC_WARN_64_TO_32_BIT_CONVERSION = YES;
				GCC_WARN_ABOUT_RETURN_TYPE = YES_ERROR;
				GCC_WARN_UNDECLARED_SELECTOR = YES;
				GCC_WARN_UNINITIALIZED_AUTOS = YES_AGGRESSIVE;
				GCC_WARN_UNUSED_FUNCTION = YES;
				GCC_WARN_UNUSED_VARIABLE = YES;
				IPHONEOS_DEPLOYMENT_TARGET = 15.0;
				MTL_ENABLE_DEBUG_INFO = INCLUDE_SOURCE;
				MTL_FAST_MATH = YES;
				ONLY_ACTIVE_ARCH = YES;
				SDKROOT = iphoneos;
				SWIFT_ACTIVE_COMPILATION_CONDITIONS = DEBUG;
				SWIFT_OPTIMIZATION_LEVEL = "-Onone";
			};
			name = Debug;
		};
		FFC77783282E929500AF4E8A /* Release */ = {
			isa = XCBuildConfiguration;
			buildSettings = {
				ALWAYS_SEARCH_USER_PATHS = NO;
				CLANG_ANALYZER_NONNULL = YES;
				CLANG_ANALYZER_NUMBER_OBJECT_CONVERSION = YES_AGGRESSIVE;
				CLANG_CXX_LANGUAGE_STANDARD = "gnu++17";
				CLANG_CXX_LIBRARY = "libc++";
				CLANG_ENABLE_MODULES = YES;
				CLANG_ENABLE_OBJC_ARC = YES;
				CLANG_ENABLE_OBJC_WEAK = YES;
				CLANG_WARN_BLOCK_CAPTURE_AUTORELEASING = YES;
				CLANG_WARN_BOOL_CONVERSION = YES;
				CLANG_WARN_COMMA = YES;
				CLANG_WARN_CONSTANT_CONVERSION = YES;
				CLANG_WARN_DEPRECATED_OBJC_IMPLEMENTATIONS = YES;
				CLANG_WARN_DIRECT_OBJC_ISA_USAGE = YES_ERROR;
				CLANG_WARN_DOCUMENTATION_COMMENTS = YES;
				CLANG_WARN_EMPTY_BODY = YES;
				CLANG_WARN_ENUM_CONVERSION = YES;
				CLANG_WARN_INFINITE_RECURSION = YES;
				CLANG_WARN_INT_CONVERSION = YES;
				CLANG_WARN_NON_LITERAL_NULL_CONVERSION = YES;
				CLANG_WARN_OBJC_IMPLICIT_RETAIN_SELF = YES;
				CLANG_WARN_OBJC_LITERAL_CONVERSION = YES;
				CLANG_WARN_OBJC_ROOT_CLASS = YES_ERROR;
				CLANG_WARN_QUOTED_INCLUDE_IN_FRAMEWORK_HEADER = YES;
				CLANG_WARN_RANGE_LOOP_ANALYSIS = YES;
				CLANG_WARN_STRICT_PROTOTYPES = YES;
				CLANG_WARN_SUSPICIOUS_MOVE = YES;
				CLANG_WARN_UNGUARDED_AVAILABILITY = YES_AGGRESSIVE;
				CLANG_WARN_UNREACHABLE_CODE = YES;
				CLANG_WARN__DUPLICATE_METHOD_MATCH = YES;
				COPY_PHASE_STRIP = NO;
				DEBUG_INFORMATION_FORMAT = "dwarf-with-dsym";
				ENABLE_NS_ASSERTIONS = NO;
				ENABLE_STRICT_OBJC_MSGSEND = YES;
				GCC_C_LANGUAGE_STANDARD = gnu11;
				GCC_NO_COMMON_BLOCKS = YES;
				GCC_WARN_64_TO_32_BIT_CONVERSION = YES;
				GCC_WARN_ABOUT_RETURN_TYPE = YES_ERROR;
				GCC_WARN_UNDECLARED_SELECTOR = YES;
				GCC_WARN_UNINITIALIZED_AUTOS = YES_AGGRESSIVE;
				GCC_WARN_UNUSED_FUNCTION = YES;
				GCC_WARN_UNUSED_VARIABLE = YES;
				IPHONEOS_DEPLOYMENT_TARGET = 15.0;
				MTL_ENABLE_DEBUG_INFO = NO;
				MTL_FAST_MATH = YES;
				SDKROOT = iphoneos;
				SWIFT_COMPILATION_MODE = wholemodule;
				SWIFT_OPTIMIZATION_LEVEL = "-O";
				VALIDATE_PRODUCT = YES;
			};
			name = Release;
		};
		FFC77785282E929500AF4E8A /* Debug */ = {
			isa = XCBuildConfiguration;
			buildSettings = {
				ASSETCATALOG_COMPILER_APPICON_NAME = AppIcon;
				ASSETCATALOG_COMPILER_GLOBAL_ACCENT_COLOR_NAME = AccentColor;
				CODE_SIGN_STYLE = Automatic;
				CURRENT_PROJECT_VERSION = 1;
				DEVELOPMENT_TEAM = BLGCGGKJB5;
				GENERATE_INFOPLIST_FILE = YES;
				INFOPLIST_FILE = TampaJejak/Info.plist;
				INFOPLIST_KEY_UIApplicationSupportsIndirectInputEvents = YES;
				INFOPLIST_KEY_UILaunchStoryboardName = LaunchScreen;
				INFOPLIST_KEY_UISupportedInterfaceOrientations = UIInterfaceOrientationPortrait;
				INFOPLIST_KEY_UISupportedInterfaceOrientations_iPad = "UIInterfaceOrientationPortrait UIInterfaceOrientationPortraitUpsideDown UIInterfaceOrientationLandscapeLeft UIInterfaceOrientationLandscapeRight";
				INFOPLIST_KEY_UISupportedInterfaceOrientations_iPhone = "UIInterfaceOrientationPortrait UIInterfaceOrientationLandscapeLeft UIInterfaceOrientationLandscapeRight";
				LD_RUNPATH_SEARCH_PATHS = (
					"$(inherited)",
					"@executable_path/Frameworks",
				);
				MARKETING_VERSION = 1.0;
				PRODUCT_BUNDLE_IDENTIFIER = com.jejak.tampa.TampaJejak;
				PRODUCT_NAME = "$(TARGET_NAME)";
				SWIFT_EMIT_LOC_STRINGS = YES;
				SWIFT_VERSION = 5.0;
				TARGETED_DEVICE_FAMILY = 1;
			};
			name = Debug;
		};
		FFC77786282E929500AF4E8A /* Release */ = {
			isa = XCBuildConfiguration;
			buildSettings = {
				ASSETCATALOG_COMPILER_APPICON_NAME = AppIcon;
				ASSETCATALOG_COMPILER_GLOBAL_ACCENT_COLOR_NAME = AccentColor;
				CODE_SIGN_STYLE = Automatic;
				CURRENT_PROJECT_VERSION = 1;
				DEVELOPMENT_TEAM = BLGCGGKJB5;
				GENERATE_INFOPLIST_FILE = YES;
				INFOPLIST_FILE = TampaJejak/Info.plist;
				INFOPLIST_KEY_UIApplicationSupportsIndirectInputEvents = YES;
				INFOPLIST_KEY_UILaunchStoryboardName = LaunchScreen;
				INFOPLIST_KEY_UISupportedInterfaceOrientations = UIInterfaceOrientationPortrait;
				INFOPLIST_KEY_UISupportedInterfaceOrientations_iPad = "UIInterfaceOrientationPortrait UIInterfaceOrientationPortraitUpsideDown UIInterfaceOrientationLandscapeLeft UIInterfaceOrientationLandscapeRight";
				INFOPLIST_KEY_UISupportedInterfaceOrientations_iPhone = "UIInterfaceOrientationPortrait UIInterfaceOrientationLandscapeLeft UIInterfaceOrientationLandscapeRight";
				LD_RUNPATH_SEARCH_PATHS = (
					"$(inherited)",
					"@executable_path/Frameworks",
				);
				MARKETING_VERSION = 1.0;
				PRODUCT_BUNDLE_IDENTIFIER = com.jejak.tampa.TampaJejak;
				PRODUCT_NAME = "$(TARGET_NAME)";
				SWIFT_EMIT_LOC_STRINGS = YES;
				SWIFT_VERSION = 5.0;
				TARGETED_DEVICE_FAMILY = 1;
			};
			name = Release;
		};
		FFC77788282E929500AF4E8A /* Debug */ = {
			isa = XCBuildConfiguration;
			buildSettings = {
				ALWAYS_EMBED_SWIFT_STANDARD_LIBRARIES = YES;
				BUNDLE_LOADER = "$(TEST_HOST)";
				CODE_SIGN_STYLE = Automatic;
				CURRENT_PROJECT_VERSION = 1;
				DEVELOPMENT_TEAM = BLGCGGKJB5;
				GENERATE_INFOPLIST_FILE = YES;
				IPHONEOS_DEPLOYMENT_TARGET = 15.0;
				LD_RUNPATH_SEARCH_PATHS = (
					"$(inherited)",
					"@executable_path/Frameworks",
					"@loader_path/Frameworks",
				);
				MARKETING_VERSION = 1.0;
				PRODUCT_BUNDLE_IDENTIFIER = com.jejak.tampa.TampaJejakTests;
				PRODUCT_NAME = "$(TARGET_NAME)";
				SWIFT_EMIT_LOC_STRINGS = NO;
				SWIFT_VERSION = 5.0;
				TARGETED_DEVICE_FAMILY = "1,2";
				TEST_HOST = "$(BUILT_PRODUCTS_DIR)/TampaJejak.app/TampaJejak";
			};
			name = Debug;
		};
		FFC77789282E929500AF4E8A /* Release */ = {
			isa = XCBuildConfiguration;
			buildSettings = {
				ALWAYS_EMBED_SWIFT_STANDARD_LIBRARIES = YES;
				BUNDLE_LOADER = "$(TEST_HOST)";
				CODE_SIGN_STYLE = Automatic;
				CURRENT_PROJECT_VERSION = 1;
				DEVELOPMENT_TEAM = BLGCGGKJB5;
				GENERATE_INFOPLIST_FILE = YES;
				IPHONEOS_DEPLOYMENT_TARGET = 15.0;
				LD_RUNPATH_SEARCH_PATHS = (
					"$(inherited)",
					"@executable_path/Frameworks",
					"@loader_path/Frameworks",
				);
				MARKETING_VERSION = 1.0;
				PRODUCT_BUNDLE_IDENTIFIER = com.jejak.tampa.TampaJejakTests;
				PRODUCT_NAME = "$(TARGET_NAME)";
				SWIFT_EMIT_LOC_STRINGS = NO;
				SWIFT_VERSION = 5.0;
				TARGETED_DEVICE_FAMILY = "1,2";
				TEST_HOST = "$(BUILT_PRODUCTS_DIR)/TampaJejak.app/TampaJejak";
			};
			name = Release;
		};
		FFC7778B282E929500AF4E8A /* Debug */ = {
			isa = XCBuildConfiguration;
			buildSettings = {
				ALWAYS_EMBED_SWIFT_STANDARD_LIBRARIES = YES;
				CODE_SIGN_STYLE = Automatic;
				CURRENT_PROJECT_VERSION = 1;
				DEVELOPMENT_TEAM = BLGCGGKJB5;
				GENERATE_INFOPLIST_FILE = YES;
				LD_RUNPATH_SEARCH_PATHS = (
					"$(inherited)",
					"@executable_path/Frameworks",
					"@loader_path/Frameworks",
				);
				MARKETING_VERSION = 1.0;
				PRODUCT_BUNDLE_IDENTIFIER = com.jejak.tampa.TampaJejakUITests;
				PRODUCT_NAME = "$(TARGET_NAME)";
				SWIFT_EMIT_LOC_STRINGS = NO;
				SWIFT_VERSION = 5.0;
				TARGETED_DEVICE_FAMILY = "1,2";
				TEST_TARGET_NAME = TampaJejak;
			};
			name = Debug;
		};
		FFC7778C282E929500AF4E8A /* Release */ = {
			isa = XCBuildConfiguration;
			buildSettings = {
				ALWAYS_EMBED_SWIFT_STANDARD_LIBRARIES = YES;
				CODE_SIGN_STYLE = Automatic;
				CURRENT_PROJECT_VERSION = 1;
				DEVELOPMENT_TEAM = BLGCGGKJB5;
				GENERATE_INFOPLIST_FILE = YES;
				LD_RUNPATH_SEARCH_PATHS = (
					"$(inherited)",
					"@executable_path/Frameworks",
					"@loader_path/Frameworks",
				);
				MARKETING_VERSION = 1.0;
				PRODUCT_BUNDLE_IDENTIFIER = com.jejak.tampa.TampaJejakUITests;
				PRODUCT_NAME = "$(TARGET_NAME)";
				SWIFT_EMIT_LOC_STRINGS = NO;
				SWIFT_VERSION = 5.0;
				TARGETED_DEVICE_FAMILY = "1,2";
				TEST_TARGET_NAME = TampaJejak;
			};
			name = Release;
		};
/* End XCBuildConfiguration section */

/* Begin XCConfigurationList section */
		FFC77755282E929200AF4E8A /* Build configuration list for PBXProject "TampaJejak" */ = {
			isa = XCConfigurationList;
			buildConfigurations = (
				FFC77782282E929500AF4E8A /* Debug */,
				FFC77783282E929500AF4E8A /* Release */,
			);
			defaultConfigurationIsVisible = 0;
			defaultConfigurationName = Release;
		};
		FFC77784282E929500AF4E8A /* Build configuration list for PBXNativeTarget "TampaJejak" */ = {
			isa = XCConfigurationList;
			buildConfigurations = (
				FFC77785282E929500AF4E8A /* Debug */,
				FFC77786282E929500AF4E8A /* Release */,
			);
			defaultConfigurationIsVisible = 0;
			defaultConfigurationName = Release;
		};
		FFC77787282E929500AF4E8A /* Build configuration list for PBXNativeTarget "TampaJejakTests" */ = {
			isa = XCConfigurationList;
			buildConfigurations = (
				FFC77788282E929500AF4E8A /* Debug */,
				FFC77789282E929500AF4E8A /* Release */,
			);
			defaultConfigurationIsVisible = 0;
			defaultConfigurationName = Release;
		};
		FFC7778A282E929500AF4E8A /* Build configuration list for PBXNativeTarget "TampaJejakUITests" */ = {
			isa = XCConfigurationList;
			buildConfigurations = (
				FFC7778B282E929500AF4E8A /* Debug */,
				FFC7778C282E929500AF4E8A /* Release */,
			);
			defaultConfigurationIsVisible = 0;
			defaultConfigurationName = Release;
		};
/* End XCConfigurationList section */
	};
	rootObject = FFC77752282E929200AF4E8A /* Project object */;
}
